{
    "name": "hermione-selenium-standalone-runner",
    "version": "1.0.0",
    "lockfileVersion": 2,
    "requires": true,
    "packages": {
        "": {
            "version": "1.0.0",
            "dependencies": {
                "delay": "^5.0.0"
            }
        },
        "node_modules/delay": {
            "version": "5.0.0",
            "resolved": "https://registry.npmjs.org/delay/-/delay-5.0.0.tgz",
            "integrity": "sha512-ReEBKkIfe4ya47wlPYf/gu5ib6yUG0/Aez0JQZQz94kiWtRQvZIQbTiehsnwHvLSWJnQdhVeqYue7Id1dKr0qw==",
            "engines": {
                "node": ">=10"
            },
            "funding": {
                "url": "https://github.com/sponsors/sindresorhus"
            }
        }
    },
    "dependencies": {
        "delay": {
            "version": "5.0.0",
            "resolved": "https://registry.npmjs.org/delay/-/delay-5.0.0.tgz",
            "integrity": "sha512-ReEBKkIfe4ya47wlPYf/gu5ib6yUG0/Aez0JQZQz94kiWtRQvZIQbTiehsnwHvLSWJnQdhVeqYue7Id1dKr0qw=="
        }
    }
}
